// !$*UTF8*$!
{
	archiveVersion = 1;
	classes = {
	};
	objectVersion = 48;
	objects = {

/* Begin PBXBuildFile section */
		2534E7CA1F790AB6009C17F2 /* AppDelegate.swift in Sources */ = {isa = PBXBuildFile; fileRef = 2534E7C91F790AB6009C17F2 /* AppDelegate.swift */; };
		2534E7CC1F790AB6009C17F2 /* ViewController.swift in Sources */ = {isa = PBXBuildFile; fileRef = 2534E7CB1F790AB6009C17F2 /* ViewController.swift */; };
		2534E7CF1F790AB6009C17F2 /* Main.storyboard in Resources */ = {isa = PBXBuildFile; fileRef = 2534E7CD1F790AB6009C17F2 /* Main.storyboard */; };
		2534E7D11F790AB6009C17F2 /* Assets.xcassets in Resources */ = {isa = PBXBuildFile; fileRef = 2534E7D01F790AB6009C17F2 /* Assets.xcassets */; };
		2534E7D41F790AB6009C17F2 /* LaunchScreen.storyboard in Resources */ = {isa = PBXBuildFile; fileRef = 2534E7D21F790AB6009C17F2 /* LaunchScreen.storyboard */; };
		2534E7DF1F790AB7009C17F2 /* calculatorTests.swift in Sources */ = {isa = PBXBuildFile; fileRef = 2534E7DE1F790AB7009C17F2 /* calculatorTests.swift */; };
		2534E7EA1F790AB7009C17F2 /* calculatorUITests.swift in Sources */ = {isa = PBXBuildFile; fileRef = 2534E7E91F790AB7009C17F2 /* calculatorUITests.swift */; };
		2534E7F81F790E5F009C17F2 /* RoundButton.swift in Sources */ = {isa = PBXBuildFile; fileRef = 2534E7F71F790E5F009C17F2 /* RoundButton.swift */; };
/* End PBXBuildFile section */

/* Begin PBXContainerItemProxy section */
		2534E7DB1F790AB6009C17F2 /* PBXContainerItemProxy */ = {
			isa = PBXContainerItemProxy;
			containerPortal = 2534E7BE1F790AB6009C17F2 /* Project object */;
			proxyType = 1;
			remoteGlobalIDString = 2534E7C51F790AB6009C17F2;
			remoteInfo = calculator;
		};
		2534E7E61F790AB7009C17F2 /* PBXContainerItemProxy */ = {
			isa = PBXContainerItemProxy;
			containerPortal = 2534E7BE1F790AB6009C17F2 /* Project object */;
			proxyType = 1;
			remoteGlobalIDString = 2534E7C51F790AB6009C17F2;
			remoteInfo = calculator;
		};
/* End PBXContainerItemProxy section */

/* Begin PBXFileReference section */
		2534E7C61F790AB6009C17F2 /* calculator.app */ = {isa = PBXFileReference; explicitFileType = wrapper.application; includeInIndex = 0; path = calculator.app; sourceTree = BUILT_PRODUCTS_DIR; };
		2534E7C91F790AB6009C17F2 /* AppDelegate.swift */ = {isa = PBXFileReference; lastKnownFileType = sourcecode.swift; path = AppDelegate.swift; sourceTree = "<group>"; };
		2534E7CB1F790AB6009C17F2 /* ViewController.swift */ = {isa = PBXFileReference; lastKnownFileType = sourcecode.swift; path = ViewController.swift; sourceTree = "<group>"; };
		2534E7CE1F790AB6009C17F2 /* Base */ = {isa = PBXFileReference; lastKnownFileType = file.storyboard; name = Base; path = Base.lproj/Main.storyboard; sourceTree = "<group>"; };
		2534E7D01F790AB6009C17F2 /* Assets.xcassets */ = {isa = PBXFileReference; lastKnownFileType = folder.assetcatalog; path = Assets.xcassets; sourceTree = "<group>"; };
		2534E7D31F790AB6009C17F2 /* Base */ = {isa = PBXFileReference; lastKnownFileType = file.storyboard; name = Base; path = Base.lproj/LaunchScreen.storyboard; sourceTree = "<group>"; };
		2534E7D51F790AB6009C17F2 /* Info.plist */ = {isa = PBXFileReference; lastKnownFileType = text.plist.xml; path = Info.plist; sourceTree = "<group>"; };
		2534E7DA1F790AB6009C17F2 /* calculatorTests.xctest */ = {isa = PBXFileReference; explicitFileType = wrapper.cfbundle; includeInIndex = 0; path = calculatorTests.xctest; sourceTree = BUILT_PRODUCTS_DIR; };
		2534E7DE1F790AB7009C17F2 /* calculatorTests.swift */ = {isa = PBXFileReference; lastKnownFileType = sourcecode.swift; path = calculatorTests.swift; sourceTree = "<group>"; };
		2534E7E01F790AB7009C17F2 /* Info.plist */ = {isa = PBXFileReference; lastKnownFileType = text.plist.xml; path = Info.plist; sourceTree = "<group>"; };
		2534E7E51F790AB7009C17F2 /* calculatorUITests.xctest */ = {isa = PBXFileReference; explicitFileType = wrapper.cfbundle; includeInIndex = 0; path = calculatorUITests.xctest; sourceTree = BUILT_PRODUCTS_DIR; };
		2534E7E91F790AB7009C17F2 /* calculatorUITests.swift */ = {isa = PBXFileReference; lastKnownFileType = sourcecode.swift; path = calculatorUITests.swift; sourceTree = "<group>"; };
		2534E7EB1F790AB7009C17F2 /* Info.plist */ = {isa = PBXFileReference; lastKnownFileType = text.plist.xml; path = Info.plist; sourceTree = "<group>"; };
		2534E7F71F790E5F009C17F2 /* RoundButton.swift */ = {isa = PBXFileReference; lastKnownFileType = sourcecode.swift; path = RoundButton.swift; sourceTree = "<group>"; };
/* End PBXFileReference section */

/* Begin PBXFrameworksBuildPhase section */
		2534E7C31F790AB6009C17F2 /* Frameworks */ = {
			isa = PBXFrameworksBuildPhase;
			buildActionMask = 2147483647;
			files = (
			);
			runOnlyForDeploymentPostprocessing = 0;
		};
		2534E7D71F790AB6009C17F2 /* Frameworks */ = {
			isa = PBXFrameworksBuildPhase;
			buildActionMask = 2147483647;
			files = (
			);
			runOnlyForDeploymentPostprocessing = 0;
		};
		2534E7E21F790AB7009C17F2 /* Frameworks */ = {
			isa = PBXFrameworksBuildPhase;
			buildActionMask = 2147483647;
			files = (
			);
			runOnlyForDeploymentPostprocessing = 0;
		};
/* End PBXFrameworksBuildPhase section */

/* Begin PBXGroup section */
		2534E7BD1F790AB6009C17F2 = {
			isa = PBXGroup;
			children = (
				2534E7C81F790AB6009C17F2 /* calculator */,
				2534E7DD1F790AB7009C17F2 /* calculatorTests */,
				2534E7E81F790AB7009C17F2 /* calculatorUITests */,
				2534E7C71F790AB6009C17F2 /* Products */,
			);
			sourceTree = "<group>";
		};
		2534E7C71F790AB6009C17F2 /* Products */ = {
			isa = PBXGroup;
			children = (
				2534E7C61F790AB6009C17F2 /* calculator.app */,
				2534E7DA1F790AB6009C17F2 /* calculatorTests.xctest */,
				2534E7E51F790AB7009C17F2 /* calculatorUITests.xctest */,
			);
			name = Products;
			sourceTree = "<group>";
		};
		2534E7C81F790AB6009C17F2 /* calculator */ = {
			isa = PBXGroup;
			children = (
				2534E7C91F790AB6009C17F2 /* AppDelegate.swift */,
				2534E7CB1F790AB6009C17F2 /* ViewController.swift */,
				2534E7CD1F790AB6009C17F2 /* Main.storyboard */,
				2534E7D01F790AB6009C17F2 /* Assets.xcassets */,
				2534E7D21F790AB6009C17F2 /* LaunchScreen.storyboard */,
				2534E7D51F790AB6009C17F2 /* Info.plist */,
				2534E7F71F790E5F009C17F2 /* RoundButton.swift */,
			);
			path = calculator;
			sourceTree = "<group>";
		};
		2534E7DD1F790AB7009C17F2 /* calculatorTests */ = {
			isa = PBXGroup;
			children = (
				2534E7DE1F790AB7009C17F2 /* calculatorTests.swift */,
				2534E7E01F790AB7009C17F2 /* Info.plist */,
			);
			path = calculatorTests;
			sourceTree = "<group>";
		};
		2534E7E81F790AB7009C17F2 /* calculatorUITests */ = {
			isa = PBXGroup;
			children = (
				2534E7E91F790AB7009C17F2 /* calculatorUITests.swift */,
				2534E7EB1F790AB7009C17F2 /* Info.plist */,
			);
			path = calculatorUITests;
			sourceTree = "<group>";
		};
/* End PBXGroup section */

/* Begin PBXNativeTarget section */
		2534E7C51F790AB6009C17F2 /* calculator */ = {
			isa = PBXNativeTarget;
			buildConfigurationList = 2534E7EE1F790AB7009C17F2 /* Build configuration list for PBXNativeTarget "calculator" */;
			buildPhases = (
				2534E7C21F790AB6009C17F2 /* Sources */,
				2534E7C31F790AB6009C17F2 /* Frameworks */,
				2534E7C41F790AB6009C17F2 /* Resources */,
			);
			buildRules = (
			);
			dependencies = (
			);
			name = calculator;
			productName = calculator;
			productReference = 2534E7C61F790AB6009C17F2 /* calculator.app */;
			productType = "com.apple.product-type.application";
		};
		2534E7D91F790AB6009C17F2 /* calculatorTests */ = {
			isa = PBXNativeTarget;
			buildConfigurationList = 2534E7F11F790AB7009C17F2 /* Build configuration list for PBXNativeTarget "calculatorTests" */;
			buildPhases = (
				2534E7D61F790AB6009C17F2 /* Sources */,
				2534E7D71F790AB6009C17F2 /* Frameworks */,
				2534E7D81F790AB6009C17F2 /* Resources */,
			);
			buildRules = (
			);
			dependencies = (
				2534E7DC1F790AB6009C17F2 /* PBXTargetDependency */,
			);
			name = calculatorTests;
			productName = calculatorTests;
			productReference = 2534E7DA1F790AB6009C17F2 /* calculatorTests.xctest */;
			productType = "com.apple.product-type.bundle.unit-test";
		};
		2534E7E41F790AB7009C17F2 /* calculatorUITests */ = {
			isa = PBXNativeTarget;
			buildConfigurationList = 2534E7F41F790AB7009C17F2 /* Build configuration list for PBXNativeTarget "calculatorUITests" */;
			buildPhases = (
				2534E7E11F790AB7009C17F2 /* Sources */,
				2534E7E21F790AB7009C17F2 /* Frameworks */,
				2534E7E31F790AB7009C17F2 /* Resources */,
			);
			buildRules = (
			);
			dependencies = (
				2534E7E71F790AB7009C17F2 /* PBXTargetDependency */,
			);
			name = calculatorUITests;
			productName = calculatorUITests;
			productReference = 2534E7E51F790AB7009C17F2 /* calculatorUITests.xctest */;
			productType = "com.apple.product-type.bundle.ui-testing";
		};
/* End PBXNativeTarget section */

/* Begin PBXProject section */
		2534E7BE1F790AB6009C17F2 /* Project object */ = {
			isa = PBXProject;
			attributes = {
				LastSwiftUpdateCheck = 0900;
				LastUpgradeCheck = 0900;
				ORGANIZATIONNAME = DigitalCoder;
				TargetAttributes = {
					2534E7C51F790AB6009C17F2 = {
						CreatedOnToolsVersion = 9.0;
						ProvisioningStyle = Automatic;
					};
					2534E7D91F790AB6009C17F2 = {
						CreatedOnToolsVersion = 9.0;
						ProvisioningStyle = Automatic;
						TestTargetID = 2534E7C51F790AB6009C17F2;
					};
					2534E7E41F790AB7009C17F2 = {
						CreatedOnToolsVersion = 9.0;
						ProvisioningStyle = Automatic;
						TestTargetID = 2534E7C51F790AB6009C17F2;
					};
				};
			};
			buildConfigurationList = 2534E7C11F790AB6009C17F2 /* Build configuration list for PBXProject "calculator" */;
			compatibilityVersion = "Xcode 8.0";
			developmentRegion = en;
			hasScannedForEncodings = 0;
			knownRegions = (
				en,
				Base,
			);
			mainGroup = 2534E7BD1F790AB6009C17F2;
			productRefGroup = 2534E7C71F790AB6009C17F2 /* Products */;
			projectDirPath = "";
			projectRoot = "";
			targets = (
				2534E7C51F790AB6009C17F2 /* calculator */,
				2534E7D91F790AB6009C17F2 /* calculatorTests */,
				2534E7E41F790AB7009C17F2 /* calculatorUITests */,
			);
		};
/* End PBXProject section */

/* Begin PBXResourcesBuildPhase section */
		2534E7C41F790AB6009C17F2 /* Resources */ = {
			isa = PBXResourcesBuildPhase;
			buildActionMask = 2147483647;
			files = (
				2534E7D41F790AB6009C17F2 /* LaunchScreen.storyboard in Resources */,
				2534E7D11F790AB6009C17F2 /* Assets.xcassets in Resources */,
				2534E7CF1F790AB6009C17F2 /* Main.storyboard in Resources */,
			);
			runOnlyForDeploymentPostprocessing = 0;
		};
		2534E7D81F790AB6009C17F2 /* Resources */ = {
			isa = PBXResourcesBuildPhase;
			buildActionMask = 2147483647;
			files = (
			);
			runOnlyForDeploymentPostprocessing = 0;
		};
		2534E7E31F790AB7009C17F2 /* Resources */ = {
			isa = PBXResourcesBuildPhase;
			buildActionMask = 2147483647;
			files = (
			);
			runOnlyForDeploymentPostprocessing = 0;
		};
/* End PBXResourcesBuildPhase section */

/* Begin PBXSourcesBuildPhase section */
		2534E7C21F790AB6009C17F2 /* Sources */ = {
			isa = PBXSourcesBuildPhase;
			buildActionMask = 2147483647;
			files = (
				2534E7F81F790E5F009C17F2 /* RoundButton.swift in Sources */,
				2534E7CC1F790AB6009C17F2 /* ViewController.swift in Sources */,
				2534E7CA1F790AB6009C17F2 /* AppDelegate.swift in Sources */,
			);
			runOnlyForDeploymentPostprocessing = 0;
		};
		2534E7D61F790AB6009C17F2 /* Sources */ = {
			isa = PBXSourcesBuildPhase;
			buildActionMask = 2147483647;
			files = (
				2534E7DF1F790AB7009C17F2 /* calculatorTests.swift in Sources */,
			);
			runOnlyForDeploymentPostprocessing = 0;
		};
		2534E7E11F790AB7009C17F2 /* Sources */ = {
			isa = PBXSourcesBuildPhase;
			buildActionMask = 2147483647;
			files = (
				2534E7EA1F790AB7009C17F2 /* calculatorUITests.swift in Sources */,
			);
			runOnlyForDeploymentPostprocessing = 0;
		};
/* End PBXSourcesBuildPhase section */

/* Begin PBXTargetDependency section */
		2534E7DC1F790AB6009C17F2 /* PBXTargetDependency */ = {
			isa = PBXTargetDependency;
			target = 2534E7C51F790AB6009C17F2 /* calculator */;
			targetProxy = 2534E7DB1F790AB6009C17F2 /* PBXContainerItemProxy */;
		};
		2534E7E71F790AB7009C17F2 /* PBXTargetDependency */ = {
			isa = PBXTargetDependency;
			target = 2534E7C51F790AB6009C17F2 /* calculator */;
			targetProxy = 2534E7E61F790AB7009C17F2 /* PBXContainerItemProxy */;
		};
/* End PBXTargetDependency section */

/* Begin PBXVariantGroup section */
		2534E7CD1F790AB6009C17F2 /* Main.storyboard */ = {
			isa = PBXVariantGroup;
			children = (
				2534E7CE1F790AB6009C17F2 /* Base */,
			);
			name = Main.storyboard;
			sourceTree = "<group>";
		};
		2534E7D21F790AB6009C17F2 /* LaunchScreen.storyboard */ = {
			isa = PBXVariantGroup;
			children = (
				2534E7D31F790AB6009C17F2 /* Base */,
			);
			name = LaunchScreen.storyboard;
			sourceTree = "<group>";
		};
/* End PBXVariantGroup section */

/* Begin XCBuildConfiguration section */
		2534E7EC1F790AB7009C17F2 /* Debug */ = {
			isa = XCBuildConfiguration;
			buildSettings = {
				ALWAYS_SEARCH_USER_PATHS = NO;
				CLANG_ANALYZER_NONNULL = YES;
				CLANG_ANALYZER_NUMBER_OBJECT_CONVERSION = YES_AGGRESSIVE;
				CLANG_CXX_LANGUAGE_STANDARD = "gnu++14";
				CLANG_CXX_LIBRARY = "libc++";
				CLANG_ENABLE_MODULES = YES;
				CLANG_ENABLE_OBJC_ARC = YES;
				CLANG_WARN_BLOCK_CAPTURE_AUTORELEASING = YES;
				CLANG_WARN_BOOL_CONVERSION = YES;
				CLANG_WARN_COMMA = YES;
				CLANG_WARN_CONSTANT_CONVERSION = YES;
				CLANG_WARN_DIRECT_OBJC_ISA_USAGE = YES_ERROR;
				CLANG_WARN_DOCUMENTATION_COMMENTS = YES;
				CLANG_WARN_EMPTY_BODY = YES;
				CLANG_WARN_ENUM_CONVERSION = YES;
				CLANG_WARN_INFINITE_RECURSION = YES;
				CLANG_WARN_INT_CONVERSION = YES;
				CLANG_WARN_NON_LITERAL_NULL_CONVERSION = YES;
				CLANG_WARN_OBJC_LITERAL_CONVERSION = YES;
				CLANG_WARN_OBJC_ROOT_CLASS = YES_ERROR;
				CLANG_WARN_RANGE_LOOP_ANALYSIS = YES;
				CLANG_WARN_STRICT_PROTOTYPES = YES;
				CLANG_WARN_SUSPICIOUS_MOVE = YES;
				CLANG_WARN_UNGUARDED_AVAILABILITY = YES_AGGRESSIVE;
				CLANG_WARN_UNREACHABLE_CODE = YES;
				CLANG_WARN__DUPLICATE_METHOD_MATCH = YES;
				CODE_SIGN_IDENTITY = "iPhone Developer";
				COPY_PHASE_STRIP = NO;
				DEBUG_INFORMATION_FORMAT = dwarf;
				ENABLE_STRICT_OBJC_MSGSEND = YES;
				ENABLE_TESTABILITY = YES;
				GCC_C_LANGUAGE_STANDARD = gnu11;
				GCC_DYNAMIC_NO_PIC = NO;
				GCC_NO_COMMON_BLOCKS = YES;
				GCC_OPTIMIZATION_LEVEL = 0;
				GCC_PREPROCESSOR_DEFINITIONS = (
					"DEBUG=1",
					"$(inherited)",
				);
				GCC_WARN_64_TO_32_BIT_CONVERSION = YES;
				GCC_WARN_ABOUT_RETURN_TYPE = YES_ERROR;
				GCC_WARN_UNDECLARED_SELECTOR = YES;
				GCC_WARN_UNINITIALIZED_AUTOS = YES_AGGRESSIVE;
				GCC_WARN_UNUSED_FUNCTION = YES;
				GCC_WARN_UNUSED_VARIABLE = YES;
				IPHONEOS_DEPLOYMENT_TARGET = 11.0;
				MTL_ENABLE_DEBUG_INFO = YES;
				ONLY_ACTIVE_ARCH = YES;
				SDKROOT = iphoneos;
				SWIFT_ACTIVE_COMPILATION_CONDITIONS = DEBUG;
				SWIFT_OPTIMIZATION_LEVEL = "-Onone";
			};
			name = Debug;
		};
		2534E7ED1F790AB7009C17F2 /* Release */ = {
			isa = XCBuildConfiguration;
			buildSettings = {
				ALWAYS_SEARCH_USER_PATHS = NO;
				CLANG_ANALYZER_NONNULL = YES;
				CLANG_ANALYZER_NUMBER_OBJECT_CONVERSION = YES_AGGRESSIVE;
				CLANG_CXX_LANGUAGE_STANDARD = "gnu++14";
				CLANG_CXX_LIBRARY = "libc++";
				CLANG_ENABLE_MODULES = YES;
				CLANG_ENABLE_OBJC_ARC = YES;
				CLANG_WARN_BLOCK_CAPTURE_AUTORELEASING = YES;
				CLANG_WARN_BOOL_CONVERSION = YES;
				CLANG_WARN_COMMA = YES;
				CLANG_WARN_CONSTANT_CONVERSION = YES;
				CLANG_WARN_DIRECT_OBJC_ISA_USAGE = YES_ERROR;
				CLANG_WARN_DOCUMENTATION_COMMENTS = YES;
				CLANG_WARN_EMPTY_BODY = YES;
				CLANG_WARN_ENUM_CONVERSION = YES;
				CLANG_WARN_INFINITE_RECURSION = YES;
				CLANG_WARN_INT_CONVERSION = YES;
				CLANG_WARN_NON_LITERAL_NULL_CONVERSION = YES;
				CLANG_WARN_OBJC_LITERAL_CONVERSION = YES;
				CLANG_WARN_OBJC_ROOT_CLASS = YES_ERROR;
				CLANG_WARN_RANGE_LOOP_ANALYSIS = YES;
				CLANG_WARN_STRICT_PROTOTYPES = YES;
				CLANG_WARN_SUSPICIOUS_MOVE = YES;
				CLANG_WARN_UNGUARDED_AVAILABILITY = YES_AGGRESSIVE;
				CLANG_WARN_UNREACHABLE_CODE = YES;
				CLANG_WARN__DUPLICATE_METHOD_MATCH = YES;
				CODE_SIGN_IDENTITY = "iPhone Developer";
				COPY_PHASE_STRIP = NO;
				DEBUG_INFORMATION_FORMAT = "dwarf-with-dsym";
				ENABLE_NS_ASSERTIONS = NO;
				ENABLE_STRICT_OBJC_MSGSEND = YES;
				GCC_C_LANGUAGE_STANDARD = gnu11;
				GCC_NO_COMMON_BLOCKS = YES;
				GCC_WARN_64_TO_32_BIT_CONVERSION = YES;
				GCC_WARN_ABOUT_RETURN_TYPE = YES_ERROR;
				GCC_WARN_UNDECLARED_SELECTOR = YES;
				GCC_WARN_UNINITIALIZED_AUTOS = YES_AGGRESSIVE;
				GCC_WARN_UNUSED_FUNCTION = YES;
				GCC_WARN_UNUSED_VARIABLE = YES;
				IPHONEOS_DEPLOYMENT_TARGET = 11.0;
				MTL_ENABLE_DEBUG_INFO = NO;
				SDKROOT = iphoneos;
				SWIFT_OPTIMIZATION_LEVEL = "-Owholemodule";
				VALIDATE_PRODUCT = YES;
			};
			name = Release;
		};
		2534E7EF1F790AB7009C17F2 /* Debug */ = {
			isa = XCBuildConfiguration;
			buildSettings = {
				ASSETCATALOG_COMPILER_APPICON_NAME = AppIcon;
				CODE_SIGN_STYLE = Automatic;
				DEVELOPMENT_TEAM = 85G3Q3XQRA;
				INFOPLIST_FILE = calculator/Info.plist;
				LD_RUNPATH_SEARCH_PATHS = "$(inherited) @executable_path/Frameworks";
				PRODUCT_BUNDLE_IDENTIFIER = com.digitalcoder.calculator;
				PRODUCT_NAME = "$(TARGET_NAME)";
				SWIFT_VERSION = 4.0;
				TARGETED_DEVICE_FAMILY = "1,2";
			};
			name = Debug;
		};
		2534E7F01F790AB7009C17F2 /* Release */ = {
			isa = XCBuildConfiguration;
			buildSettings = {
				ASSETCATALOG_COMPILER_APPICON_NAME = AppIcon;
				CODE_SIGN_STYLE = Automatic;
				DEVELOPMENT_TEAM = 85G3Q3XQRA;
				INFOPLIST_FILE = calculator/Info.plist;
				LD_RUNPATH_SEARCH_PATHS = "$(inherited) @executable_path/Frameworks";
				PRODUCT_BUNDLE_IDENTIFIER = com.digitalcoder.calculator;
				PRODUCT_NAME = "$(TARGET_NAME)";
				SWIFT_VERSION = 4.0;
				TARGETED_DEVICE_FAMILY = "1,2";
			};
			name = Release;
		};
		2534E7F21F790AB7009C17F2 /* Debug */ = {
			isa = XCBuildConfiguration;
			buildSettings = {
				ALWAYS_EMBED_SWIFT_STANDARD_LIBRARIES = YES;
				BUNDLE_LOADER = "$(TEST_HOST)";
				CODE_SIGN_STYLE = Automatic;
				DEVELOPMENT_TEAM = 85G3Q3XQRA;
				INFOPLIST_FILE = calculatorTests/Info.plist;
				LD_RUNPATH_SEARCH_PATHS = "$(inherited) @executable_path/Frameworks @loader_path/Frameworks";
				PRODUCT_BUNDLE_IDENTIFIER = com.digitalcoder.calculatorTests;
				PRODUCT_NAME = "$(TARGET_NAME)";
				SWIFT_VERSION = 4.0;
				TARGETED_DEVICE_FAMILY = "1,2";
				TEST_HOST = "$(BUILT_PRODUCTS_DIR)/calculator.app/calculator";
			};
			name = Debug;
		};
		2534E7F31F790AB7009C17F2 /* Release */ = {
			isa = XCBuildConfiguration;
			buildSettings = {
				ALWAYS_EMBED_SWIFT_STANDARD_LIBRARIES = YES;
				BUNDLE_LOADER = "$(TEST_HOST)";
				CODE_SIGN_STYLE = Automatic;
				DEVELOPMENT_TEAM = 85G3Q3XQRA;
				INFOPLIST_FILE = calculatorTests/Info.plist;
				LD_RUNPATH_SEARCH_PATHS = "$(inherited) @executable_path/Frameworks @loader_path/Frameworks";
				PRODUCT_BUNDLE_IDENTIFIER = com.digitalcoder.calculatorTests;
				PRODUCT_NAME = "$(TARGET_NAME)";
				SWIFT_VERSION = 4.0;
				TARGETED_DEVICE_FAMILY = "1,2";
				TEST_HOST = "$(BUILT_PRODUCTS_DIR)/calculator.app/calculator";
			};
			name = Release;
		};
		2534E7F51F790AB7009C17F2 /* Debug */ = {
			isa = XCBuildConfiguration;
			buildSettings = {
				ALWAYS_EMBED_SWIFT_STANDARD_LIBRARIES = YES;
				CODE_SIGN_STYLE = Automatic;
				DEVELOPMENT_TEAM = 85G3Q3XQRA;
				INFOPLIST_FILE = calculatorUITests/Info.plist;
				LD_RUNPATH_SEARCH_PATHS = "$(inherited) @executable_path/Frameworks @loader_path/Frameworks";
				PRODUCT_BUNDLE_IDENTIFIER = com.digitalcoder.calculatorUITests;
				PRODUCT_NAME = "$(TARGET_NAME)";
				SWIFT_VERSION = 4.0;
				TARGETED_DEVICE_FAMILY = "1,2";
				TEST_TARGET_NAME = calculator;
			};
			name = Debug;
		};
		2534E7F61F790AB7009C17F2 /* Release */ = {
			isa = XCBuildConfiguration;
			buildSettings = {
				ALWAYS_EMBED_SWIFT_STANDARD_LIBRARIES = YES;
				CODE_SIGN_STYLE = Automatic;
				DEVELOPMENT_TEAM = 85G3Q3XQRA;
				INFOPLIST_FILE = calculatorUITests/Info.plist;
				LD_RUNPATH_SEARCH_PATHS = "$(inherited) @executable_path/Frameworks @loader_path/Frameworks";
				PRODUCT_BUNDLE_IDENTIFIER = com.digitalcoder.calculatorUITests;
				PRODUCT_NAME = "$(TARGET_NAME)";
				SWIFT_VERSION = 4.0;
				TARGETED_DEVICE_FAMILY = "1,2";
				TEST_TARGET_NAME = calculator;
			};
			name = Release;
		};
/* End XCBuildConfiguration section */

/* Begin XCConfigurationList section */
		2534E7C11F790AB6009C17F2 /* Build configuration list for PBXProject "calculator" */ = {
			isa = XCConfigurationList;
			buildConfigurations = (
				2534E7EC1F790AB7009C17F2 /* Debug */,
				2534E7ED1F790AB7009C17F2 /* Release */,
			);
			defaultConfigurationIsVisible = 0;
			defaultConfigurationName = Release;
		};
		2534E7EE1F790AB7009C17F2 /* Build configuration list for PBXNativeTarget "calculator" */ = {
			isa = XCConfigurationList;
			buildConfigurations = (
				2534E7EF1F790AB7009C17F2 /* Debug */,
				2534E7F01F790AB7009C17F2 /* Release */,
			);
			defaultConfigurationIsVisible = 0;
			defaultConfigurationName = Release;
		};
		2534E7F11F790AB7009C17F2 /* Build configuration list for PBXNativeTarget "calculatorTests" */ = {
			isa = XCConfigurationList;
			buildConfigurations = (
				2534E7F21F790AB7009C17F2 /* Debug */,
				2534E7F31F790AB7009C17F2 /* Release */,
			);
			defaultConfigurationIsVisible = 0;
			defaultConfigurationName = Release;
		};
		2534E7F41F790AB7009C17F2 /* Build configuration list for PBXNativeTarget "calculatorUITests" */ = {
			isa = XCConfigurationList;
			buildConfigurations = (
				2534E7F51F790AB7009C17F2 /* Debug */,
				2534E7F61F790AB7009C17F2 /* Release */,
			);
			defaultConfigurationIsVisible = 0;
			defaultConfigurationName = Release;
		};
/* End XCConfigurationList section */
	};
	rootObject = 2534E7BE1F790AB6009C17F2 /* Project object */;
}
